
Microsoft Visual Studio Solution File, Format Version 12.00
# Visual Studio Version 17
VisualStudioVersion = 17.2.32526.322
MinimumVisualStudioVersion = 10.0.40219.1
Project("{9A19103F-16F7-4668-BE54-9A1E7A4F7556}") = "Debtus.TestTask", "Debtus.TestTask\Debtus.TestTask.csproj", "{8DCEEE3D-BCB2-4B88-8173-AE944113F5A8}"
EndProject
Project("{9A19103F-16F7-4668-BE54-9A1E7A4F7556}") = "Debtus.DAL", "Debtus.DAL\Debtus.DAL.csproj", "{599130F8-DD87-4237-BE98-826CB2B1AE6B}"
EndProject
Project("{2150E333-8FDC-42A3-9474-1A3956D46DE8}") = "DAL", "DAL", "{A89C8BED-6061-4E14-8594-8A1C30B352CB}"
EndProject
Project("{9A19103F-16F7-4668-BE54-9A1E7A4F7556}") = "Debtus.IDAL", "Debtus.IDAL\Debtus.IDAL.csproj", "{070159AF-AA2A-42D0-A4FE-528EC90C5977}"
EndProject
Project("{2150E333-8FDC-42A3-9474-1A3956D46DE8}") = "BLL", "BLL", "{565476A0-365A-4DD2-9E05-38DCD8465AF3}"
EndProject
Project("{2150E333-8FDC-42A3-9474-1A3956D46DE8}") = "Entities", "Entities", "{94958789-F955-4118-A4E0-E6E3E2D6253F}"
EndProject
Project("{9A19103F-16F7-4668-BE54-9A1E7A4F7556}") = "Debtus.TestTask.Entities", "Debtus.TestTask.Entities\Debtus.TestTask.Entities.csproj", "{078EA226-E858-4B04-B2F7-761640CA9DE6}"
EndProject
Project("{FAE04EC0-301F-11D3-BF4B-00C04F79EFBC}") = "BLL_Interface", "BLL_Interface\BLL_Interface.csproj", "{2B5A88C5-233B-4C46-B47B-75A2CF061D3E}"
EndProject
Project("{FAE04EC0-301F-11D3-BF4B-00C04F79EFBC}") = "BLL", "BLL\BLL.csproj", "{9D5AB410-7E85-4E24-A2F4-FA9C494D77C8}"
EndProject
Global
	GlobalSection(SolutionConfigurationPlatforms) = preSolution
		Debug|Any CPU = Debug|Any CPU
		Release|Any CPU = Release|Any CPU
	EndGlobalSection
	GlobalSection(ProjectConfigurationPlatforms) = postSolution
		{8DCEEE3D-BCB2-4B88-8173-AE944113F5A8}.Debug|Any CPU.ActiveCfg = Debug|Any CPU
		{8DCEEE3D-BCB2-4B88-8173-AE944113F5A8}.Debug|Any CPU.Build.0 = Debug|Any CPU
		{8DCEEE3D-BCB2-4B88-8173-AE944113F5A8}.Release|Any CPU.ActiveCfg = Release|Any CPU
		{8DCEEE3D-BCB2-4B88-8173-AE944113F5A8}.Release|Any CPU.Build.0 = Release|Any CPU
		{599130F8-DD87-4237-BE98-826CB2B1AE6B}.Debug|Any CPU.ActiveCfg = Debug|Any CPU
		{599130F8-DD87-4237-BE98-826CB2B1AE6B}.Debug|Any CPU.Build.0 = Debug|Any CPU
		{599130F8-DD87-4237-BE98-826CB2B1AE6B}.Release|Any CPU.ActiveCfg = Release|Any CPU
		{599130F8-DD87-4237-BE98-826CB2B1AE6B}.Release|Any CPU.Build.0 = Release|Any CPU
		{070159AF-AA2A-42D0-A4FE-528EC90C5977}.Debug|Any CPU.ActiveCfg = Debug|Any CPU
		{070159AF-AA2A-42D0-A4FE-528EC90C5977}.Debug|Any CPU.Build.0 = Debug|Any CPU
		{070159AF-AA2A-42D0-A4FE-528EC90C5977}.Release|Any CPU.ActiveCfg = Release|Any CPU
		{070159AF-AA2A-42D0-A4FE-528EC90C5977}.Release|Any CPU.Build.0 = Release|Any CPU
		{078EA226-E858-4B04-B2F7-761640CA9DE6}.Debug|Any CPU.ActiveCfg = Debug|Any CPU
		{078EA226-E858-4B04-B2F7-761640CA9DE6}.Debug|Any CPU.Build.0 = Debug|Any CPU
		{078EA226-E858-4B04-B2F7-761640CA9DE6}.Release|Any CPU.ActiveCfg = Release|Any CPU
		{078EA226-E858-4B04-B2F7-761640CA9DE6}.Release|Any CPU.Build.0 = Release|Any CPU
		{2B5A88C5-233B-4C46-B47B-75A2CF061D3E}.Debug|Any CPU.ActiveCfg = Debug|Any CPU
		{2B5A88C5-233B-4C46-B47B-75A2CF061D3E}.Debug|Any CPU.Build.0 = Debug|Any CPU
		{2B5A88C5-233B-4C46-B47B-75A2CF061D3E}.Release|Any CPU.ActiveCfg = Release|Any CPU
		{2B5A88C5-233B-4C46-B47B-75A2CF061D3E}.Release|Any CPU.Build.0 = Release|Any CPU
		{9D5AB410-7E85-4E24-A2F4-FA9C494D77C8}.Debug|Any CPU.ActiveCfg = Debug|Any CPU
		{9D5AB410-7E85-4E24-A2F4-FA9C494D77C8}.Debug|Any CPU.Build.0 = Debug|Any CPU
		{9D5AB410-7E85-4E24-A2F4-FA9C494D77C8}.Release|Any CPU.ActiveCfg = Release|Any CPU
		{9D5AB410-7E85-4E24-A2F4-FA9C494D77C8}.Release|Any CPU.Build.0 = Release|Any CPU
	EndGlobalSection
	GlobalSection(SolutionProperties) = preSolution
		HideSolutionNode = FALSE
	EndGlobalSection
	GlobalSection(NestedProjects) = preSolution
		{599130F8-DD87-4237-BE98-826CB2B1AE6B} = {A89C8BED-6061-4E14-8594-8A1C30B352CB}
		{070159AF-AA2A-42D0-A4FE-528EC90C5977} = {A89C8BED-6061-4E14-8594-8A1C30B352CB}
		{078EA226-E858-4B04-B2F7-761640CA9DE6} = {94958789-F955-4118-A4E0-E6E3E2D6253F}
		{2B5A88C5-233B-4C46-B47B-75A2CF061D3E} = {565476A0-365A-4DD2-9E05-38DCD8465AF3}
		{9D5AB410-7E85-4E24-A2F4-FA9C494D77C8} = {565476A0-365A-4DD2-9E05-38DCD8465AF3}
	EndGlobalSection
	GlobalSection(ExtensibilityGlobals) = postSolution
		SolutionGuid = {82D2B47D-23D8-46E0-B408-649CA996A086}
	EndGlobalSection
EndGlobal
